
Microsoft Visual Studio Solution File, Format Version 12.00
# Visual Studio Version 16
VisualStudioVersion = 16.0.31729.503
MinimumVisualStudioVersion = 10.0.40219.1
Project("{9A19103F-16F7-4668-BE54-9A1E7A4F7556}") = "AccFileParserUI", "AccFileParserUI\AccFileParserUI.csproj", "{631209DB-89D1-415C-B510-FB19A0C217D3}"
EndProject
Project("{FAE04EC0-301F-11D3-BF4B-00C04F79EFBC}") = "AccFileParserLibrary", "AccFileParserLibrary\AccFileParserLibrary.csproj", "{B9077778-5B57-41AA-B771-4F8A535719FD}"
EndProject
Global
	GlobalSection(SolutionConfigurationPlatforms) = preSolution
		Debug|Any CPU = Debug|Any CPU
		Release|Any CPU = Release|Any CPU
	EndGlobalSection
	GlobalSection(ProjectConfigurationPlatforms) = postSolution
		{631209DB-89D1-415C-B510-FB19A0C217D3}.Debug|Any CPU.ActiveCfg = Debug|Any CPU
		{631209DB-89D1-415C-B510-FB19A0C217D3}.Debug|Any CPU.Build.0 = Debug|Any CPU
		{631209DB-89D1-415C-B510-FB19A0C217D3}.Release|Any CPU.ActiveCfg = Release|Any CPU
		{631209DB-89D1-415C-B510-FB19A0C217D3}.Release|Any CPU.Build.0 = Release|Any CPU
		{B9077778-5B57-41AA-B771-4F8A535719FD}.Debug|Any CPU.ActiveCfg = Debug|Any CPU
		{B9077778-5B57-41AA-B771-4F8A535719FD}.Debug|Any CPU.Build.0 = Debug|Any CPU
		{B9077778-5B57-41AA-B771-4F8A535719FD}.Release|Any CPU.ActiveCfg = Release|Any CPU
		{B9077778-5B57-41AA-B771-4F8A535719FD}.Release|Any CPU.Build.0 = Release|Any CPU
	EndGlobalSection
	GlobalSection(SolutionProperties) = preSolution
		HideSolutionNode = FALSE
	EndGlobalSection
	GlobalSection(ExtensibilityGlobals) = postSolution
		SolutionGuid = {10F5960D-3D62-471C-882C-07FB41E16FBE}
	EndGlobalSection
EndGlobal
